{
  "version": 1,
  "dependencies": {
    "net8.0": {
      "Microsoft.Extensions.Logging.Abstractions": {
        "type": "Direct",
        "requested": "[9.0.6, )",
        "resolved": "9.0.6",
        "contentHash": "LFnyBNK7WtFmKdnHu3v0HOYQ8BcjYuy0jdC9pgCJ/rbLKoJEG9/dBzSKMEeeWDbDeoWS0TIxOC8a9CM5ufca3A==",
        "dependencies": {
          "Microsoft.Extensions.DependencyInjection.Abstractions": "9.0.6",
          "System.Diagnostics.DiagnosticSource": "9.0.6"
        }
      },
      "Microsoft.VisualStudio.Azure.Containers.Tools.Targets": {
        "type": "Direct",
        "requested": "[1.22.1-Preview.1, )",
        "resolved": "1.22.1-Preview.1",
        "contentHash": "cX5j5jEIx4si2ixyU5h1pHvVKhgK/RyL6UQrKYKv61ULJuRk/h8LOM2hnVW8JPAKlnmvWilMtEOcUTcTV2n+kg=="
      },
      "Serilog.AspNetCore": {
        "type": "Direct",
        "requested": "[9.0.0, )",
        "resolved": "9.0.0",
        "contentHash": "JslDajPlBsn3Pww1554flJFTqROvK9zz9jONNQgn0D8Lx2Trw8L0A8/n6zEQK1DAZWXrJwiVLw8cnTR3YFuYsg==",
        "dependencies": {
          "Serilog": "4.2.0",
          "Serilog.Extensions.Hosting": "9.0.0",
          "Serilog.Formatting.Compact": "3.0.0",
          "Serilog.Settings.Configuration": "9.0.0",
          "Serilog.Sinks.Console": "6.0.0",
          "Serilog.Sinks.Debug": "3.0.0",
          "Serilog.Sinks.File": "6.0.0"
        }
      },
      "Serilog.Sinks.Console": {
        "type": "Direct",
        "requested": "[6.0.0, )",
        "resolved": "6.0.0",
        "contentHash": "fQGWqVMClCP2yEyTXPIinSr5c+CBGUvBybPxjAGcf7ctDhadFhrQw03Mv8rJ07/wR5PDfFjewf2LimvXCDzpbA==",
        "dependencies": {
          "Serilog": "4.0.0"
        }
      },
      "Swashbuckle.AspNetCore": {
        "type": "Direct",
        "requested": "[9.0.1, )",
        "resolved": "9.0.1",
        "contentHash": "lmaz0juKGq8VgeCOki98OUVdEH7rvgBST0QrlWXNOxBl7ujNWyqdqj2SMAdgpQfTtBlSQUTHRslRM+0j7El5tA==",
        "dependencies": {
          "Microsoft.Extensions.ApiDescription.Server": "8.0.0",
          "Swashbuckle.AspNetCore.Swagger": "9.0.1",
          "Swashbuckle.AspNetCore.SwaggerGen": "9.0.1",
          "Swashbuckle.AspNetCore.SwaggerUI": "9.0.1"
        }
      },
      "Swashbuckle.AspNetCore.Annotations": {
        "type": "Direct",
        "requested": "[9.0.1, )",
        "resolved": "9.0.1",
        "contentHash": "TANd+yRHl99IPUWGcifwP+FbK48Lx7rrTqd21z/7GaduUdiKFF7/uUs85dC8Tdll70erb2s1eDsvItnt83Qz2A==",
        "dependencies": {
          "Swashbuckle.AspNetCore.SwaggerGen": "9.0.1"
        }
      },
      "Microsoft.Extensions.ApiDescription.Server": {
        "type": "Transitive",
        "resolved": "8.0.0",
        "contentHash": "jDM3a95WerM8g6IcMiBXq1qRS9dqmEUpgnCk2DeMWpPkYtp1ia+CkXabOnK93JmhVlUmv8l9WMPsCSUm+WqkIA=="
      },
      "Microsoft.Extensions.Caching.Abstractions": {
        "type": "Transitive",
        "resolved": "9.0.6",
        "contentHash": "bL/xQsVNrdVkzjP5yjX4ndkQ03H3+Bk3qPpl+AMCEJR2RkfgAYmoQ/xXffPV7is64+QHShnhA12YAaFmNbfM+A==",
        "dependencies": {
          "Microsoft.Extensions.Primitives": "9.0.6"
        }
      },
      "Microsoft.Extensions.Configuration": {
        "type": "Transitive",
        "resolved": "9.0.6",
        "contentHash": "VWB5jdkxHsRiuoniTqwOL32R4OWyp5If/bAucLjRJczRVNcwb8iCXKLjn3Inv8fv+jHMVMnvQLg7xhSys+y5PA==",
        "dependencies": {
          "Microsoft.Extensions.Configuration.Abstractions": "9.0.6",
          "Microsoft.Extensions.Primitives": "9.0.6"
        }
      },
      "Microsoft.Extensions.Configuration.Abstractions": {
        "type": "Transitive",
        "resolved": "9.0.6",
        "contentHash": "3GgMIi2jP8g1fBW93Z9b9Unamc0SIsgyhiCmC91gq4loTixK9vQMuxxUsfJ1kRGwn+/FqLKwOHqmn0oYWn3Fvw==",
        "dependencies": {
          "Microsoft.Extensions.Primitives": "9.0.6"
        }
      },
      "Microsoft.Extensions.Configuration.Binder": {
        "type": "Transitive",
        "resolved": "9.0.6",
        "contentHash": "Opl/7SIrwDy9WjHn/vU2thQ8CUtrIWHLr+89I7/0VYNEJQvpL24zvqYrh83cH38RzNKHji0WGVkCVP6HJChVVw==",
        "dependencies": {
          "Microsoft.Extensions.Configuration.Abstractions": "9.0.6"
        }
      },
      "Microsoft.Extensions.DependencyInjection": {
        "type": "Transitive",
        "resolved": "9.0.6",
        "contentHash": "vS65HMo5RS10DD543fknsyVDxihMcVxVn3/hNaILgBxWYnOLxWIeCIO9X0QFuCvPRNjClvXe9Aj8KaQNx7vFkQ==",
        "dependencies": {
          "Microsoft.Extensions.DependencyInjection.Abstractions": "9.0.6"
        }
      },
      "Microsoft.Extensions.DependencyInjection.Abstractions": {
        "type": "Transitive",
        "resolved": "9.0.6",
        "contentHash": "0Zn6nR/6g+90MxskZyOOMPQvnPnrrGu6bytPwkV+azDcTtCSuQ1+GJUrg8Klmnrjk1i6zMpw2lXijl+tw7Q3kA=="
      },
      "Microsoft.Extensions.DependencyModel": {
        "type": "Transitive",
        "resolved": "9.0.0",
        "contentHash": "saxr2XzwgDU77LaQfYFXmddEDRUKHF4DaGMZkNB3qjdVSZlax3//dGJagJkKrGMIPNZs2jVFXITyCCR6UHJNdA==",
        "dependencies": {
          "System.Text.Encodings.Web": "9.0.0",
          "System.Text.Json": "9.0.0"
        }
      },
      "Microsoft.Extensions.Diagnostics": {
        "type": "Transitive",
        "resolved": "9.0.6",
        "contentHash": "mIqCzZseDK9SqTRy4LxtjLwjlUu6aH5UdA6j0vgVER14yki9oRqLF+SmBiF6OlwsBSeL6dMQ8dmq02JMeE2puQ==",
        "dependencies": {
          "Microsoft.Extensions.Configuration": "9.0.6",
          "Microsoft.Extensions.Diagnostics.Abstractions": "9.0.6",
          "Microsoft.Extensions.Options.ConfigurationExtensions": "9.0.6"
        }
      },
      "Microsoft.Extensions.Diagnostics.Abstractions": {
        "type": "Transitive",
        "resolved": "9.0.6",
        "contentHash": "GIoXX7VDcTEsNM6yvffTBaOwnPQELGI5dzExR7L2O7AUkDsHBYIZawUbuwfq3cYzz8dIAAJotQYJMzH7qy27Ng==",
        "dependencies": {
          "Microsoft.Extensions.DependencyInjection.Abstractions": "9.0.6",
          "Microsoft.Extensions.Options": "9.0.6",
          "System.Diagnostics.DiagnosticSource": "9.0.6"
        }
      },
      "Microsoft.Extensions.FileProviders.Abstractions": {
        "type": "Transitive",
        "resolved": "9.0.0",
        "contentHash": "uK439QzYR0q2emLVtYzwyK3x+T5bTY4yWsd/k/ZUS9LR6Sflp8MIdhGXW8kQCd86dQD4tLqvcbLkku8qHY263Q==",
        "dependencies": {
          "Microsoft.Extensions.Primitives": "9.0.0"
        }
      },
      "Microsoft.Extensions.Hosting.Abstractions": {
        "type": "Transitive",
        "resolved": "9.0.0",
        "contentHash": "yUKJgu81ExjvqbNWqZKshBbLntZMbMVz/P7Way2SBx7bMqA08Mfdc9O7hWDKAiSp+zPUGT6LKcSCQIPeDK+CCw==",
        "dependencies": {
          "Microsoft.Extensions.Configuration.Abstractions": "9.0.0",
          "Microsoft.Extensions.DependencyInjection.Abstractions": "9.0.0",
          "Microsoft.Extensions.Diagnostics.Abstractions": "9.0.0",
          "Microsoft.Extensions.FileProviders.Abstractions": "9.0.0",
          "Microsoft.Extensions.Logging.Abstractions": "9.0.0"
        }
      },
      "Microsoft.Extensions.Http": {
        "type": "Transitive",
        "resolved": "9.0.6",
        "contentHash": "YoCEkjHHeeKsOzaJaGKuwsi1Ijckkm/+bv5RXmsKA0/qW4veY0eh5lVtkOXxkqQbVRuK3sObhxRM0UeuF6yAgA==",
        "dependencies": {
          "Microsoft.Extensions.Configuration.Abstractions": "9.0.6",
          "Microsoft.Extensions.DependencyInjection.Abstractions": "9.0.6",
          "Microsoft.Extensions.Diagnostics": "9.0.6",
          "Microsoft.Extensions.Logging": "9.0.6",
          "Microsoft.Extensions.Logging.Abstractions": "9.0.6",
          "Microsoft.Extensions.Options": "9.0.6"
        }
      },
      "Microsoft.Extensions.Logging": {
        "type": "Transitive",
        "resolved": "9.0.6",
        "contentHash": "XBzjitTFaQhF8EbJ645vblZezV1p52ePTxKHoVkRidHF11Xkjxg94qr0Rvp2qyxK2vBJ4OIZ41NB15YUyxTGMQ==",
        "dependencies": {
          "Microsoft.Extensions.DependencyInjection": "9.0.6",
          "Microsoft.Extensions.Logging.Abstractions": "9.0.6",
          "Microsoft.Extensions.Options": "9.0.6"
        }
      },
      "Microsoft.Extensions.Options": {
        "type": "Transitive",
        "resolved": "9.0.6",
        "contentHash": "wUPhNM1zsI58Dy10xRdF2+pnsisiUuETg5ZBncyAEEUm/CQ9Q1vmivyUWH8RDbAlqyixf2dJNQ2XZb7HsKUEQw==",
        "dependencies": {
          "Microsoft.Extensions.DependencyInjection.Abstractions": "9.0.6",
          "Microsoft.Extensions.Primitives": "9.0.6"
        }
      },
      "Microsoft.Extensions.Options.ConfigurationExtensions": {
        "type": "Transitive",
        "resolved": "9.0.6",
        "contentHash": "2lnp8nrvfzyp+5zvfeULm/hkZsDsKkl2ziBt5T8EZKoON5q+XRpRLoWcSPo8mP7GNZXpxKMBVjFNIZNbBIcnRw==",
        "dependencies": {
          "Microsoft.Extensions.Configuration.Abstractions": "9.0.6",
          "Microsoft.Extensions.Configuration.Binder": "9.0.6",
          "Microsoft.Extensions.DependencyInjection.Abstractions": "9.0.6",
          "Microsoft.Extensions.Options": "9.0.6",
          "Microsoft.Extensions.Primitives": "9.0.6"
        }
      },
      "Microsoft.Extensions.Primitives": {
        "type": "Transitive",
        "resolved": "9.0.6",
        "contentHash": "BHniU24QV67qp1pJknqYSofAPYGmijGI8D+ci9yfw33iuFdyOeB9lWTg78ThyYLyQwZw3s0vZ36VMb0MqbUuLw=="
      },
      "Microsoft.OpenApi": {
        "type": "Transitive",
        "resolved": "1.6.23",
        "contentHash": "tZ1I0KXnn98CWuV8cpI247A17jaY+ILS9vvF7yhI0uPPEqF4P1d7BWL5Uwtel10w9NucllHB3nTkfYTAcHAh8g=="
      },
      "Serilog": {
        "type": "Transitive",
        "resolved": "4.2.0",
        "contentHash": "gmoWVOvKgbME8TYR+gwMf7osROiWAURterc6Rt2dQyX7wtjZYpqFiA/pY6ztjGQKKV62GGCyOcmtP1UKMHgSmA=="
      },
      "Serilog.Extensions.Hosting": {
        "type": "Transitive",
        "resolved": "9.0.0",
        "contentHash": "u2TRxuxbjvTAldQn7uaAwePkWxTHIqlgjelekBtilAGL5sYyF3+65NWctN4UrwwGLsDC7c3Vz3HnOlu+PcoxXg==",
        "dependencies": {
          "Microsoft.Extensions.DependencyInjection.Abstractions": "9.0.0",
          "Microsoft.Extensions.Hosting.Abstractions": "9.0.0",
          "Microsoft.Extensions.Logging.Abstractions": "9.0.0",
          "Serilog": "4.2.0",
          "Serilog.Extensions.Logging": "9.0.0"
        }
      },
      "Serilog.Extensions.Logging": {
        "type": "Transitive",
        "resolved": "9.0.0",
        "contentHash": "NwSSYqPJeKNzl5AuXVHpGbr6PkZJFlNa14CdIebVjK3k/76kYj/mz5kiTRNVSsSaxM8kAIa1kpy/qyT9E4npRQ==",
        "dependencies": {
          "Microsoft.Extensions.Logging": "9.0.0",
          "Serilog": "4.2.0"
        }
      },
      "Serilog.Formatting.Compact": {
        "type": "Transitive",
        "resolved": "3.0.0",
        "contentHash": "wQsv14w9cqlfB5FX2MZpNsTawckN4a8dryuNGbebB/3Nh1pXnROHZov3swtu3Nj5oNG7Ba+xdu7Et/ulAUPanQ==",
        "dependencies": {
          "Serilog": "4.0.0"
        }
      },
      "Serilog.Settings.Configuration": {
        "type": "Transitive",
        "resolved": "9.0.0",
        "contentHash": "4/Et4Cqwa+F88l5SeFeNZ4c4Z6dEAIKbu3MaQb2Zz9F/g27T5a3wvfMcmCOaAiACjfUb4A6wrlTVfyYUZk3RRQ==",
        "dependencies": {
          "Microsoft.Extensions.Configuration.Binder": "9.0.0",
          "Microsoft.Extensions.DependencyModel": "9.0.0",
          "Serilog": "4.2.0"
        }
      },
      "Serilog.Sinks.Debug": {
        "type": "Transitive",
        "resolved": "3.0.0",
        "contentHash": "4BzXcdrgRX7wde9PmHuYd9U6YqycCC28hhpKonK7hx0wb19eiuRj16fPcPSVp0o/Y1ipJuNLYQ00R3q2Zs8FDA==",
        "dependencies": {
          "Serilog": "4.0.0"
        }
      },
      "Serilog.Sinks.File": {
        "type": "Transitive",
        "resolved": "6.0.0",
        "contentHash": "lxjg89Y8gJMmFxVkbZ+qDgjl+T4yC5F7WSLTvA+5q0R04tfKVLRL/EHpYoJ/MEQd2EeCKDuylBIVnAYMotmh2A==",
        "dependencies": {
          "Serilog": "4.0.0"
        }
      },
      "Swashbuckle.AspNetCore.Swagger": {
        "type": "Transitive",
        "resolved": "9.0.1",
        "contentHash": "4/9tBsbeCN+ewwqjEBPq3BszNE9tOvA1iDogwT7qW7L0Uh942IozhtF9VaICD70XyZIlKNiHjc2Vt5QE09P4nw==",
        "dependencies": {
          "Microsoft.OpenApi": "1.6.23"
        }
      },
      "Swashbuckle.AspNetCore.SwaggerGen": {
        "type": "Transitive",
        "resolved": "9.0.1",
        "contentHash": "Za5w1NfLMF0Tt4GTgC491wfmuuMwNw8A5nwZuytpBd4UXYZxkwNJa3QnRYGbUQD9MjLzQCYnKc8rMrr5LglW6A==",
        "dependencies": {
          "Swashbuckle.AspNetCore.Swagger": "9.0.1"
        }
      },
      "Swashbuckle.AspNetCore.SwaggerUI": {
        "type": "Transitive",
        "resolved": "9.0.1",
        "contentHash": "UuU+RvZbJZmnciVzi8G0jb3c6xeA4O8pQGrxl30eCK3pRNvurzZgS6shEei27q9wgvp0/UrTUNUM/a1kSlTfzw=="
      },
      "System.Diagnostics.DiagnosticSource": {
        "type": "Transitive",
        "resolved": "9.0.6",
        "contentHash": "nikkwAKqpwWUvV5J8S9fnOPYg8k75Lf9fAI4bd6pyhyqNma0Py9kt+zcqXbe4TjJ4sTPcdYpPg81shYTrXnUZQ=="
      },
      "System.IO.Pipelines": {
        "type": "Transitive",
        "resolved": "9.0.0",
        "contentHash": "eA3cinogwaNB4jdjQHOP3Z3EuyiDII7MT35jgtnsA4vkn0LUrrSHsU0nzHTzFzmaFYeKV7MYyMxOocFzsBHpTw=="
      },
      "System.Text.Encodings.Web": {
        "type": "Transitive",
        "resolved": "9.0.0",
        "contentHash": "e2hMgAErLbKyUUwt18qSBf9T5Y+SFAL3ZedM8fLupkVj8Rj2PZ9oxQ37XX2LF8fTO1wNIxvKpihD7Of7D/NxZw=="
      },
      "System.Text.Json": {
        "type": "Transitive",
        "resolved": "9.0.0",
        "contentHash": "js7+qAu/9mQvnhA4EfGMZNEzXtJCDxgkgj8ohuxq/Qxv+R56G+ljefhiJHOxTNiw54q8vmABCWUwkMulNdlZ4A==",
        "dependencies": {
          "System.IO.Pipelines": "9.0.0",
          "System.Text.Encodings.Web": "9.0.0"
        }
      },
      "webjet.entertainment.services": {
        "type": "Project",
        "dependencies": {
          "Microsoft.Extensions.Caching.Abstractions": "[9.0.6, )",
          "Microsoft.Extensions.Http": "[9.0.6, )"
        }
      }
    }
  }
}